// !$*UTF8*$!
{
	archiveVersion = 1;
	classes = {
	};
	objectVersion = 51;
	objects = {

/* Begin PBXBuildFile section */
		10052FB210194EA9DBDCF038 /* Pods_pizzahub_ios_spring21.framework in Frameworks */ = {isa = PBXBuildFile; fileRef = 75CF819253EBE142295D9492 /* Pods_pizzahub_ios_spring21.framework */; };
		1F9A90822601818B0012DF65 /* PizzaHubApp.swift in Sources */ = {isa = PBXBuildFile; fileRef = 1F9A90812601818B0012DF65 /* PizzaHubApp.swift */; };
		1F9A90842601818B0012DF65 /* PizzeriaListView.swift in Sources */ = {isa = PBXBuildFile; fileRef = 1F9A90832601818B0012DF65 /* PizzeriaListView.swift */; };
		1F9A90862601819F0012DF65 /* Assets.xcassets in Resources */ = {isa = PBXBuildFile; fileRef = 1F9A90852601819F0012DF65 /* Assets.xcassets */; };
		1F9A90892601819F0012DF65 /* Preview Assets.xcassets in Resources */ = {isa = PBXBuildFile; fileRef = 1F9A90882601819F0012DF65 /* Preview Assets.xcassets */; };
		1F9A90A5260185E40012DF65 /* AppDelegate.swift in Sources */ = {isa = PBXBuildFile; fileRef = 1F9A90A4260185E40012DF65 /* AppDelegate.swift */; };
		1F9A90A8260189250012DF65 /* GoogleService-Info.plist in Resources */ = {isa = PBXBuildFile; fileRef = 1F9A90A7260189240012DF65 /* GoogleService-Info.plist */; };
		1F9A90AC260191A60012DF65 /* Pizzeria.swift in Sources */ = {isa = PBXBuildFile; fileRef = 1F9A90AB260191A60012DF65 /* Pizzeria.swift */; };
		1F9A90B0260194360012DF65 /* FirebaseCollection.swift in Sources */ = {isa = PBXBuildFile; fileRef = 1F9A90AF260194360012DF65 /* FirebaseCollection.swift */; };
		1FB13E3E2604349200810124 /* PizzeriaRow.swift in Sources */ = {isa = PBXBuildFile; fileRef = 1FB13E3D2604349200810124 /* PizzeriaRow.swift */; };
/* End PBXBuildFile section */

/* Begin PBXFileReference section */
		1F9A907E2601818B0012DF65 /* pizzahub-ios-spring21.app */ = {isa = PBXFileReference; explicitFileType = wrapper.application; includeInIndex = 0; path = "pizzahub-ios-spring21.app"; sourceTree = BUILT_PRODUCTS_DIR; };
		1F9A90812601818B0012DF65 /* PizzaHubApp.swift */ = {isa = PBXFileReference; lastKnownFileType = sourcecode.swift; path = PizzaHubApp.swift; sourceTree = "<group>"; };
		1F9A90832601818B0012DF65 /* PizzeriaListView.swift */ = {isa = PBXFileReference; lastKnownFileType = sourcecode.swift; path = PizzeriaListView.swift; sourceTree = "<group>"; };
		1F9A90852601819F0012DF65 /* Assets.xcassets */ = {isa = PBXFileReference; lastKnownFileType = folder.assetcatalog; path = Assets.xcassets; sourceTree = "<group>"; };
		1F9A90882601819F0012DF65 /* Preview Assets.xcassets */ = {isa = PBXFileReference; lastKnownFileType = folder.assetcatalog; path = "Preview Assets.xcassets"; sourceTree = "<group>"; };
		1F9A908A2601819F0012DF65 /* Info.plist */ = {isa = PBXFileReference; lastKnownFileType = text.plist.xml; path = Info.plist; sourceTree = "<group>"; };
		1F9A90A4260185E40012DF65 /* AppDelegate.swift */ = {isa = PBXFileReference; fileEncoding = 4; lastKnownFileType = sourcecode.swift; path = AppDelegate.swift; sourceTree = "<group>"; };
		1F9A90A7260189240012DF65 /* GoogleService-Info.plist */ = {isa = PBXFileReference; fileEncoding = 4; lastKnownFileType = text.plist.xml; path = "GoogleService-Info.plist"; sourceTree = "<group>"; };
		1F9A90AB260191A60012DF65 /* Pizzeria.swift */ = {isa = PBXFileReference; lastKnownFileType = sourcecode.swift; path = Pizzeria.swift; sourceTree = "<group>"; };
		1F9A90AF260194360012DF65 /* FirebaseCollection.swift */ = {isa = PBXFileReference; lastKnownFileType = sourcecode.swift; path = FirebaseCollection.swift; sourceTree = "<group>"; };
		1FB13E3D2604349200810124 /* PizzeriaRow.swift */ = {isa = PBXFileReference; lastKnownFileType = sourcecode.swift; path = PizzeriaRow.swift; sourceTree = "<group>"; };
		480BE5C6BD3F98FCDE95427E /* Pods-pizzahub-ios-spring21.release.xcconfig */ = {isa = PBXFileReference; includeInIndex = 1; lastKnownFileType = text.xcconfig; name = "Pods-pizzahub-ios-spring21.release.xcconfig"; path = "Target Support Files/Pods-pizzahub-ios-spring21/Pods-pizzahub-ios-spring21.release.xcconfig"; sourceTree = "<group>"; };
		5573F8361E092A9EBE626E0D /* Pods-pizzahub-ios-spring21.debug.xcconfig */ = {isa = PBXFileReference; includeInIndex = 1; lastKnownFileType = text.xcconfig; name = "Pods-pizzahub-ios-spring21.debug.xcconfig"; path = "Target Support Files/Pods-pizzahub-ios-spring21/Pods-pizzahub-ios-spring21.debug.xcconfig"; sourceTree = "<group>"; };
		75CF819253EBE142295D9492 /* Pods_pizzahub_ios_spring21.framework */ = {isa = PBXFileReference; explicitFileType = wrapper.framework; includeInIndex = 0; path = Pods_pizzahub_ios_spring21.framework; sourceTree = BUILT_PRODUCTS_DIR; };
/* End PBXFileReference section */

/* Begin PBXFrameworksBuildPhase section */
		1F9A907B2601818B0012DF65 /* Frameworks */ = {
			isa = PBXFrameworksBuildPhase;
			buildActionMask = 2147483647;
			files = (
				10052FB210194EA9DBDCF038 /* Pods_pizzahub_ios_spring21.framework in Frameworks */,
			);
			runOnlyForDeploymentPostprocessing = 0;
		};
/* End PBXFrameworksBuildPhase section */

/* Begin PBXGroup section */
		1F9A90752601818B0012DF65 = {
			isa = PBXGroup;
			children = (
				1F9A90802601818B0012DF65 /* pizzahub-ios-spring21 */,
				1F9A907F2601818B0012DF65 /* Products */,
				B53286B5283ECE6CEAD97CCD /* Pods */,
				AEDDD5BA8A82B0BE40336DB1 /* Frameworks */,
			);
			sourceTree = "<group>";
		};
		1F9A907F2601818B0012DF65 /* Products */ = {
			isa = PBXGroup;
			children = (
				1F9A907E2601818B0012DF65 /* pizzahub-ios-spring21.app */,
			);
			name = Products;
			sourceTree = "<group>";
		};
		1F9A90802601818B0012DF65 /* pizzahub-ios-spring21 */ = {
			isa = PBXGroup;
			children = (
				1FB13E3A260430EB00810124 /* View */,
				1F9A90AA260191930012DF65 /* Model */,
				1F9A90A7260189240012DF65 /* GoogleService-Info.plist */,
				1F9A90A4260185E40012DF65 /* AppDelegate.swift */,
				1F9A90812601818B0012DF65 /* PizzaHubApp.swift */,
				1F9A90852601819F0012DF65 /* Assets.xcassets */,
				1F9A908A2601819F0012DF65 /* Info.plist */,
				1F9A90872601819F0012DF65 /* Preview Content */,
			);
			path = "pizzahub-ios-spring21";
			sourceTree = "<group>";
		};
		1F9A90872601819F0012DF65 /* Preview Content */ = {
			isa = PBXGroup;
			children = (
				1F9A90882601819F0012DF65 /* Preview Assets.xcassets */,
			);
			path = "Preview Content";
			sourceTree = "<group>";
		};
		1F9A90AA260191930012DF65 /* Model */ = {
			isa = PBXGroup;
			children = (
				1F9A90AB260191A60012DF65 /* Pizzeria.swift */,
				1F9A90AF260194360012DF65 /* FirebaseCollection.swift */,
			);
			path = Model;
			sourceTree = "<group>";
		};
		1FB13E3A260430EB00810124 /* View */ = {
			isa = PBXGroup;
			children = (
				1F9A90832601818B0012DF65 /* PizzeriaListView.swift */,
				1FB13E3D2604349200810124 /* PizzeriaRow.swift */,
			);
			path = View;
			sourceTree = "<group>";
		};
		AEDDD5BA8A82B0BE40336DB1 /* Frameworks */ = {
			isa = PBXGroup;
			children = (
				75CF819253EBE142295D9492 /* Pods_pizzahub_ios_spring21.framework */,
			);
			name = Frameworks;
			sourceTree = "<group>";
		};
		B53286B5283ECE6CEAD97CCD /* Pods */ = {
			isa = PBXGroup;
			children = (
				5573F8361E092A9EBE626E0D /* Pods-pizzahub-ios-spring21.debug.xcconfig */,
				480BE5C6BD3F98FCDE95427E /* Pods-pizzahub-ios-spring21.release.xcconfig */,
			);
			path = Pods;
			sourceTree = "<group>";
		};
/* End PBXGroup section */

/* Begin PBXNativeTarget section */
		1F9A907D2601818B0012DF65 /* pizzahub-ios-spring21 */ = {
			isa = PBXNativeTarget;
			buildConfigurationList = 1F9A908D2601819F0012DF65 /* Build configuration list for PBXNativeTarget "pizzahub-ios-spring21" */;
			buildPhases = (
				DE8891A052979AC19906FF17 /* [CP] Check Pods Manifest.lock */,
				1F9A907A2601818B0012DF65 /* Sources */,
				1F9A907B2601818B0012DF65 /* Frameworks */,
				1F9A907C2601818B0012DF65 /* Resources */,
				FEA38BA6E2600A27593EDAB8 /* [CP] Embed Pods Frameworks */,
			);
			buildRules = (
			);
			dependencies = (
			);
			name = "pizzahub-ios-spring21";
			productName = "pizzahub-ios-spring21";
			productReference = 1F9A907E2601818B0012DF65 /* pizzahub-ios-spring21.app */;
			productType = "com.apple.product-type.application";
		};
/* End PBXNativeTarget section */

/* Begin PBXProject section */
		1F9A90762601818B0012DF65 /* Project object */ = {
			isa = PBXProject;
			attributes = {
				LastSwiftUpdateCheck = 1230;
				LastUpgradeCheck = 1230;
				TargetAttributes = {
					1F9A907D2601818B0012DF65 = {
						CreatedOnToolsVersion = 12.3;
					};
				};
			};
			buildConfigurationList = 1F9A90792601818B0012DF65 /* Build configuration list for PBXProject "pizzahub-ios-spring21" */;
			compatibilityVersion = "Xcode 9.3";
			developmentRegion = en;
			hasScannedForEncodings = 0;
			knownRegions = (
				en,
				Base,
			);
			mainGroup = 1F9A90752601818B0012DF65;
			productRefGroup = 1F9A907F2601818B0012DF65 /* Products */;
			projectDirPath = "";
			projectRoot = "";
			targets = (
				1F9A907D2601818B0012DF65 /* pizzahub-ios-spring21 */,
			);
		};
/* End PBXProject section */

/* Begin PBXResourcesBuildPhase section */
		1F9A907C2601818B0012DF65 /* Resources */ = {
			isa = PBXResourcesBuildPhase;
			buildActionMask = 2147483647;
			files = (
				1F9A90892601819F0012DF65 /* Preview Assets.xcassets in Resources */,
				1F9A90862601819F0012DF65 /* Assets.xcassets in Resources */,
				1F9A90A8260189250012DF65 /* GoogleService-Info.plist in Resources */,
			);
			runOnlyForDeploymentPostprocessing = 0;
		};
/* End PBXResourcesBuildPhase section */

/* Begin PBXShellScriptBuildPhase section */
		DE8891A052979AC19906FF17 /* [CP] Check Pods Manifest.lock */ = {
			isa = PBXShellScriptBuildPhase;
			buildActionMask = 2147483647;
			files = (
			);
			inputFileListPaths = (
			);
			inputPaths = (
				"${PODS_PODFILE_DIR_PATH}/Podfile.lock",
				"${PODS_ROOT}/Manifest.lock",
			);
			name = "[CP] Check Pods Manifest.lock";
			outputFileListPaths = (
			);
			outputPaths = (
				"$(DERIVED_FILE_DIR)/Pods-pizzahub-ios-spring21-checkManifestLockResult.txt",
			);
			runOnlyForDeploymentPostprocessing = 0;
			shellPath = /bin/sh;
			shellScript = "diff \"${PODS_PODFILE_DIR_PATH}/Podfile.lock\" \"${PODS_ROOT}/Manifest.lock\" > /dev/null\nif [ $? != 0 ] ; then\n    # print error to STDERR\n    echo \"error: The sandbox is not in sync with the Podfile.lock. Run 'pod install' or update your CocoaPods installation.\" >&2\n    exit 1\nfi\n# This output is used by Xcode 'outputs' to avoid re-running this script phase.\necho \"SUCCESS\" > \"${SCRIPT_OUTPUT_FILE_0}\"\n";
			showEnvVarsInLog = 0;
		};
		FEA38BA6E2600A27593EDAB8 /* [CP] Embed Pods Frameworks */ = {
			isa = PBXShellScriptBuildPhase;
			buildActionMask = 2147483647;
			files = (
			);
			inputFileListPaths = (
				"${PODS_ROOT}/Target Support Files/Pods-pizzahub-ios-spring21/Pods-pizzahub-ios-spring21-frameworks-${CONFIGURATION}-input-files.xcfilelist",
			);
			name = "[CP] Embed Pods Frameworks";
			outputFileListPaths = (
				"${PODS_ROOT}/Target Support Files/Pods-pizzahub-ios-spring21/Pods-pizzahub-ios-spring21-frameworks-${CONFIGURATION}-output-files.xcfilelist",
			);
			runOnlyForDeploymentPostprocessing = 0;
			shellPath = /bin/sh;
			shellScript = "\"${PODS_ROOT}/Target Support Files/Pods-pizzahub-ios-spring21/Pods-pizzahub-ios-spring21-frameworks.sh\"\n";
			showEnvVarsInLog = 0;
		};
/* End PBXShellScriptBuildPhase section */

/* Begin PBXSourcesBuildPhase section */
		1F9A907A2601818B0012DF65 /* Sources */ = {
			isa = PBXSourcesBuildPhase;
			buildActionMask = 2147483647;
			files = (
				1FB13E3E2604349200810124 /* PizzeriaRow.swift in Sources */,
				1F9A90B0260194360012DF65 /* FirebaseCollection.swift in Sources */,
				1F9A90A5260185E40012DF65 /* AppDelegate.swift in Sources */,
				1F9A90842601818B0012DF65 /* PizzeriaListView.swift in Sources */,
				1F9A90822601818B0012DF65 /* PizzaHubApp.swift in Sources */,
				1F9A90AC260191A60012DF65 /* Pizzeria.swift in Sources */,
			);
			runOnlyForDeploymentPostprocessing = 0;
		};
/* End PBXSourcesBuildPhase section */

/* Begin XCBuildConfiguration section */
		1F9A908B2601819F0012DF65 /* Debug */ = {
			isa = XCBuildConfiguration;
			buildSettings = {
				ALWAYS_SEARCH_USER_PATHS = NO;
				CLANG_ANALYZER_NONNULL = YES;
				CLANG_ANALYZER_NUMBER_OBJECT_CONVERSION = YES_AGGRESSIVE;
				CLANG_CXX_LANGUAGE_STANDARD = "gnu++14";
				CLANG_CXX_LIBRARY = "libc++";
				CLANG_ENABLE_MODULES = YES;
				CLANG_ENABLE_OBJC_ARC = YES;
				CLANG_ENABLE_OBJC_WEAK = YES;
				CLANG_WARN_BLOCK_CAPTURE_AUTORELEASING = YES;
				CLANG_WARN_BOOL_CONVERSION = YES;
				CLANG_WARN_COMMA = YES;
				CLANG_WARN_CONSTANT_CONVERSION = YES;
				CLANG_WARN_DEPRECATED_OBJC_IMPLEMENTATIONS = YES;
				CLANG_WARN_DIRECT_OBJC_ISA_USAGE = YES_ERROR;
				CLANG_WARN_DOCUMENTATION_COMMENTS = YES;
				CLANG_WARN_EMPTY_BODY = YES;
				CLANG_WARN_ENUM_CONVERSION = YES;
				CLANG_WARN_INFINITE_RECURSION = YES;
				CLANG_WARN_INT_CONVERSION = YES;
				CLANG_WARN_NON_LITERAL_NULL_CONVERSION = YES;
				CLANG_WARN_OBJC_IMPLICIT_RETAIN_SELF = YES;
				CLANG_WARN_OBJC_LITERAL_CONVERSION = YES;
				CLANG_WARN_OBJC_ROOT_CLASS = YES_ERROR;
				CLANG_WARN_QUOTED_INCLUDE_IN_FRAMEWORK_HEADER = YES;
				CLANG_WARN_RANGE_LOOP_ANALYSIS = YES;
				CLANG_WARN_STRICT_PROTOTYPES = YES;
				CLANG_WARN_SUSPICIOUS_MOVE = YES;
				CLANG_WARN_UNGUARDED_AVAILABILITY = YES_AGGRESSIVE;
				CLANG_WARN_UNREACHABLE_CODE = YES;
				CLANG_WARN__DUPLICATE_METHOD_MATCH = YES;
				COPY_PHASE_STRIP = NO;
				DEBUG_INFORMATION_FORMAT = dwarf;
				ENABLE_STRICT_OBJC_MSGSEND = YES;
				ENABLE_TESTABILITY = YES;
				GCC_C_LANGUAGE_STANDARD = gnu11;
				GCC_DYNAMIC_NO_PIC = NO;
				GCC_NO_COMMON_BLOCKS = YES;
				GCC_OPTIMIZATION_LEVEL = 0;
				GCC_PREPROCESSOR_DEFINITIONS = (
					"DEBUG=1",
					"$(inherited)",
				);
				GCC_WARN_64_TO_32_BIT_CONVERSION = YES;
				GCC_WARN_ABOUT_RETURN_TYPE = YES_ERROR;
				GCC_WARN_UNDECLARED_SELECTOR = YES;
				GCC_WARN_UNINITIALIZED_AUTOS = YES_AGGRESSIVE;
				GCC_WARN_UNUSED_FUNCTION = YES;
				GCC_WARN_UNUSED_VARIABLE = YES;
				IPHONEOS_DEPLOYMENT_TARGET = 14.3;
				MTL_ENABLE_DEBUG_INFO = INCLUDE_SOURCE;
				MTL_FAST_MATH = YES;
				ONLY_ACTIVE_ARCH = YES;
				SDKROOT = iphoneos;
				SWIFT_ACTIVE_COMPILATION_CONDITIONS = DEBUG;
				SWIFT_OPTIMIZATION_LEVEL = "-Onone";
			};
			name = Debug;
		};
		1F9A908C2601819F0012DF65 /* Release */ = {
			isa = XCBuildConfiguration;
			buildSettings = {
				ALWAYS_SEARCH_USER_PATHS = NO;
				CLANG_ANALYZER_NONNULL = YES;
				CLANG_ANALYZER_NUMBER_OBJECT_CONVERSION = YES_AGGRESSIVE;
				CLANG_CXX_LANGUAGE_STANDARD = "gnu++14";
				CLANG_CXX_LIBRARY = "libc++";
				CLANG_ENABLE_MODULES = YES;
				CLANG_ENABLE_OBJC_ARC = YES;
				CLANG_ENABLE_OBJC_WEAK = YES;
				CLANG_WARN_BLOCK_CAPTURE_AUTORELEASING = YES;
				CLANG_WARN_BOOL_CONVERSION = YES;
				CLANG_WARN_COMMA = YES;
				CLANG_WARN_CONSTANT_CONVERSION = YES;
				CLANG_WARN_DEPRECATED_OBJC_IMPLEMENTATIONS = YES;
				CLANG_WARN_DIRECT_OBJC_ISA_USAGE = YES_ERROR;
				CLANG_WARN_DOCUMENTATION_COMMENTS = YES;
				CLANG_WARN_EMPTY_BODY = YES;
				CLANG_WARN_ENUM_CONVERSION = YES;
				CLANG_WARN_INFINITE_RECURSION = YES;
				CLANG_WARN_INT_CONVERSION = YES;
				CLANG_WARN_NON_LITERAL_NULL_CONVERSION = YES;
				CLANG_WARN_OBJC_IMPLICIT_RETAIN_SELF = YES;
				CLANG_WARN_OBJC_LITERAL_CONVERSION = YES;
				CLANG_WARN_OBJC_ROOT_CLASS = YES_ERROR;
				CLANG_WARN_QUOTED_INCLUDE_IN_FRAMEWORK_HEADER = YES;
				CLANG_WARN_RANGE_LOOP_ANALYSIS = YES;
				CLANG_WARN_STRICT_PROTOTYPES = YES;
				CLANG_WARN_SUSPICIOUS_MOVE = YES;
				CLANG_WARN_UNGUARDED_AVAILABILITY = YES_AGGRESSIVE;
				CLANG_WARN_UNREACHABLE_CODE = YES;
				CLANG_WARN__DUPLICATE_METHOD_MATCH = YES;
				COPY_PHASE_STRIP = NO;
				DEBUG_INFORMATION_FORMAT = "dwarf-with-dsym";
				ENABLE_NS_ASSERTIONS = NO;
				ENABLE_STRICT_OBJC_MSGSEND = YES;
				GCC_C_LANGUAGE_STANDARD = gnu11;
				GCC_NO_COMMON_BLOCKS = YES;
				GCC_WARN_64_TO_32_BIT_CONVERSION = YES;
				GCC_WARN_ABOUT_RETURN_TYPE = YES_ERROR;
				GCC_WARN_UNDECLARED_SELECTOR = YES;
				GCC_WARN_UNINITIALIZED_AUTOS = YES_AGGRESSIVE;
				GCC_WARN_UNUSED_FUNCTION = YES;
				GCC_WARN_UNUSED_VARIABLE = YES;
				IPHONEOS_DEPLOYMENT_TARGET = 14.3;
				MTL_ENABLE_DEBUG_INFO = NO;
				MTL_FAST_MATH = YES;
				SDKROOT = iphoneos;
				SWIFT_COMPILATION_MODE = wholemodule;
				SWIFT_OPTIMIZATION_LEVEL = "-O";
				VALIDATE_PRODUCT = YES;
			};
			name = Release;
		};
		1F9A908E2601819F0012DF65 /* Debug */ = {
			isa = XCBuildConfiguration;
			baseConfigurationReference = 5573F8361E092A9EBE626E0D /* Pods-pizzahub-ios-spring21.debug.xcconfig */;
			buildSettings = {
				ASSETCATALOG_COMPILER_APPICON_NAME = AppIcon;
				ASSETCATALOG_COMPILER_GLOBAL_ACCENT_COLOR_NAME = AccentColor;
				CODE_SIGN_STYLE = Automatic;
				DEVELOPMENT_ASSET_PATHS = "\"pizzahub-ios-spring21/Preview Content\"";
				DEVELOPMENT_TEAM = 3J97M269R2;
				ENABLE_PREVIEWS = YES;
				INFOPLIST_FILE = "pizzahub-ios-spring21/Info.plist";
				IPHONEOS_DEPLOYMENT_TARGET = 14.0;
				LD_RUNPATH_SEARCH_PATHS = (
					"$(inherited)",
					"@executable_path/Frameworks",
				);
				PRODUCT_BUNDLE_IDENTIFIER = "edu.newhaven.pizzahub-ios-spring21";
				PRODUCT_NAME = "$(TARGET_NAME)";
				SWIFT_VERSION = 5.0;
				TARGETED_DEVICE_FAMILY = "1,2";
			};
			name = Debug;
		};
		1F9A908F2601819F0012DF65 /* Release */ = {
			isa = XCBuildConfiguration;
			baseConfigurationReference = 480BE5C6BD3F98FCDE95427E /* Pods-pizzahub-ios-spring21.release.xcconfig */;
			buildSettings = {
				ASSETCATALOG_COMPILER_APPICON_NAME = AppIcon;
				ASSETCATALOG_COMPILER_GLOBAL_ACCENT_COLOR_NAME = AccentColor;
				CODE_SIGN_STYLE = Automatic;
				DEVELOPMENT_ASSET_PATHS = "\"pizzahub-ios-spring21/Preview Content\"";
				DEVELOPMENT_TEAM = 3J97M269R2;
				ENABLE_PREVIEWS = YES;
				INFOPLIST_FILE = "pizzahub-ios-spring21/Info.plist";
				IPHONEOS_DEPLOYMENT_TARGET = 14.0;
				LD_RUNPATH_SEARCH_PATHS = (
					"$(inherited)",
					"@executable_path/Frameworks",
				);
				PRODUCT_BUNDLE_IDENTIFIER = "edu.newhaven.pizzahub-ios-spring21";
				PRODUCT_NAME = "$(TARGET_NAME)";
				SWIFT_VERSION = 5.0;
				TARGETED_DEVICE_FAMILY = "1,2";
			};
			name = Release;
		};
/* End XCBuildConfiguration section */

/* Begin XCConfigurationList section */
		1F9A90792601818B0012DF65 /* Build configuration list for PBXProject "pizzahub-ios-spring21" */ = {
			isa = XCConfigurationList;
			buildConfigurations = (
				1F9A908B2601819F0012DF65 /* Debug */,
				1F9A908C2601819F0012DF65 /* Release */,
			);
			defaultConfigurationIsVisible = 0;
			defaultConfigurationName = Release;
		};
		1F9A908D2601819F0012DF65 /* Build configuration list for PBXNativeTarget "pizzahub-ios-spring21" */ = {
			isa = XCConfigurationList;
			buildConfigurations = (
				1F9A908E2601819F0012DF65 /* Debug */,
				1F9A908F2601819F0012DF65 /* Release */,
			);
			defaultConfigurationIsVisible = 0;
			defaultConfigurationName = Release;
		};
/* End XCConfigurationList section */
	};
	rootObject = 1F9A90762601818B0012DF65 /* Project object */;
}
